
Microsoft Visual Studio Solution File, Format Version 12.00
# Visual Studio Version 17
VisualStudioVersion = 17.10.35013.160
MinimumVisualStudioVersion = 10.0.40219.1
Project("{8BC9CEB8-8B4A-11D0-8D11-00A0C91BC942}") = "cchat-server", "cchat\cchat.vcxproj", "{0D62EE57-D496-4547-957B-CEB6974BFDCD}"
EndProject
Project("{8BC9CEB8-8B4A-11D0-8D11-00A0C91BC942}") = "cchat-client", "cchat-client\cchat-client.vcxproj", "{692327F6-40C8-44E5-ADBB-1D9EAD9E01ED}"
EndProject
Project("{8BC9CEB8-8B4A-11D0-8D11-00A0C91BC942}") = "client2", "client2\client2.vcxproj", "{2B7B3CD2-B4DF-4CBD-BDC9-7073919011C2}"
EndProject
Project("{8BC9CEB8-8B4A-11D0-8D11-00A0C91BC942}") = "test", "test\test.vcxproj", "{C6135AA4-99A4-4E5B-B9F6-09872C96B994}"
EndProject
Project("{8BC9CEB8-8B4A-11D0-8D11-00A0C91BC942}") = "test2", "test2\test2.vcxproj", "{0FDC61D1-6BAA-4A0C-B0FD-976AF00F53CE}"
EndProject
Project("{8BC9CEB8-8B4A-11D0-8D11-00A0C91BC942}") = "test3", "test3\test3.vcxproj", "{6E25D1C1-04AB-4FDA-BFBA-55ADE13CB8E1}"
EndProject
Project("{8BC9CEB8-8B4A-11D0-8D11-00A0C91BC942}") = "chat-client-1", "chat-client-1\chat-client-1.vcxproj", "{14FBC54B-A7E6-489D-B327-BCEBBA1F9083}"
EndProject
Project("{8BC9CEB8-8B4A-11D0-8D11-00A0C91BC942}") = "chat-server-1", "chat-server-1\chat-server-1.vcxproj", "{A6E817A2-73C4-41B5-9733-584775C42163}"
EndProject
Global
	GlobalSection(SolutionConfigurationPlatforms) = preSolution
		Debug|x64 = Debug|x64
		Debug|x86 = Debug|x86
		Release|x64 = Release|x64
		Release|x86 = Release|x86
	EndGlobalSection
	GlobalSection(ProjectConfigurationPlatforms) = postSolution
		{0D62EE57-D496-4547-957B-CEB6974BFDCD}.Debug|x64.ActiveCfg = Debug|x64
		{0D62EE57-D496-4547-957B-CEB6974BFDCD}.Debug|x64.Build.0 = Debug|x64
		{0D62EE57-D496-4547-957B-CEB6974BFDCD}.Debug|x86.ActiveCfg = Debug|Win32
		{0D62EE57-D496-4547-957B-CEB6974BFDCD}.Debug|x86.Build.0 = Debug|Win32
		{0D62EE57-D496-4547-957B-CEB6974BFDCD}.Release|x64.ActiveCfg = Release|x64
		{0D62EE57-D496-4547-957B-CEB6974BFDCD}.Release|x64.Build.0 = Release|x64
		{0D62EE57-D496-4547-957B-CEB6974BFDCD}.Release|x86.ActiveCfg = Release|Win32
		{0D62EE57-D496-4547-957B-CEB6974BFDCD}.Release|x86.Build.0 = Release|Win32
		{692327F6-40C8-44E5-ADBB-1D9EAD9E01ED}.Debug|x64.ActiveCfg = Debug|x64
		{692327F6-40C8-44E5-ADBB-1D9EAD9E01ED}.Debug|x64.Build.0 = Debug|x64
		{692327F6-40C8-44E5-ADBB-1D9EAD9E01ED}.Debug|x86.ActiveCfg = Debug|Win32
		{692327F6-40C8-44E5-ADBB-1D9EAD9E01ED}.Debug|x86.Build.0 = Debug|Win32
		{692327F6-40C8-44E5-ADBB-1D9EAD9E01ED}.Release|x64.ActiveCfg = Release|x64
		{692327F6-40C8-44E5-ADBB-1D9EAD9E01ED}.Release|x64.Build.0 = Release|x64
		{692327F6-40C8-44E5-ADBB-1D9EAD9E01ED}.Release|x86.ActiveCfg = Release|Win32
		{692327F6-40C8-44E5-ADBB-1D9EAD9E01ED}.Release|x86.Build.0 = Release|Win32
		{2B7B3CD2-B4DF-4CBD-BDC9-7073919011C2}.Debug|x64.ActiveCfg = Debug|x64
		{2B7B3CD2-B4DF-4CBD-BDC9-7073919011C2}.Debug|x64.Build.0 = Debug|x64
		{2B7B3CD2-B4DF-4CBD-BDC9-7073919011C2}.Debug|x86.ActiveCfg = Debug|Win32
		{2B7B3CD2-B4DF-4CBD-BDC9-7073919011C2}.Debug|x86.Build.0 = Debug|Win32
		{2B7B3CD2-B4DF-4CBD-BDC9-7073919011C2}.Release|x64.ActiveCfg = Release|x64
		{2B7B3CD2-B4DF-4CBD-BDC9-7073919011C2}.Release|x64.Build.0 = Release|x64
		{2B7B3CD2-B4DF-4CBD-BDC9-7073919011C2}.Release|x86.ActiveCfg = Release|Win32
		{2B7B3CD2-B4DF-4CBD-BDC9-7073919011C2}.Release|x86.Build.0 = Release|Win32
		{C6135AA4-99A4-4E5B-B9F6-09872C96B994}.Debug|x64.ActiveCfg = Debug|x64
		{C6135AA4-99A4-4E5B-B9F6-09872C96B994}.Debug|x64.Build.0 = Debug|x64
		{C6135AA4-99A4-4E5B-B9F6-09872C96B994}.Debug|x86.ActiveCfg = Debug|Win32
		{C6135AA4-99A4-4E5B-B9F6-09872C96B994}.Debug|x86.Build.0 = Debug|Win32
		{C6135AA4-99A4-4E5B-B9F6-09872C96B994}.Release|x64.ActiveCfg = Release|x64
		{C6135AA4-99A4-4E5B-B9F6-09872C96B994}.Release|x64.Build.0 = Release|x64
		{C6135AA4-99A4-4E5B-B9F6-09872C96B994}.Release|x86.ActiveCfg = Release|Win32
		{C6135AA4-99A4-4E5B-B9F6-09872C96B994}.Release|x86.Build.0 = Release|Win32
		{0FDC61D1-6BAA-4A0C-B0FD-976AF00F53CE}.Debug|x64.ActiveCfg = Debug|x64
		{0FDC61D1-6BAA-4A0C-B0FD-976AF00F53CE}.Debug|x64.Build.0 = Debug|x64
		{0FDC61D1-6BAA-4A0C-B0FD-976AF00F53CE}.Debug|x86.ActiveCfg = Debug|Win32
		{0FDC61D1-6BAA-4A0C-B0FD-976AF00F53CE}.Debug|x86.Build.0 = Debug|Win32
		{0FDC61D1-6BAA-4A0C-B0FD-976AF00F53CE}.Release|x64.ActiveCfg = Release|x64
		{0FDC61D1-6BAA-4A0C-B0FD-976AF00F53CE}.Release|x64.Build.0 = Release|x64
		{0FDC61D1-6BAA-4A0C-B0FD-976AF00F53CE}.Release|x86.ActiveCfg = Release|Win32
		{0FDC61D1-6BAA-4A0C-B0FD-976AF00F53CE}.Release|x86.Build.0 = Release|Win32
		{6E25D1C1-04AB-4FDA-BFBA-55ADE13CB8E1}.Debug|x64.ActiveCfg = Debug|x64
		{6E25D1C1-04AB-4FDA-BFBA-55ADE13CB8E1}.Debug|x64.Build.0 = Debug|x64
		{6E25D1C1-04AB-4FDA-BFBA-55ADE13CB8E1}.Debug|x86.ActiveCfg = Debug|Win32
		{6E25D1C1-04AB-4FDA-BFBA-55ADE13CB8E1}.Debug|x86.Build.0 = Debug|Win32
		{6E25D1C1-04AB-4FDA-BFBA-55ADE13CB8E1}.Release|x64.ActiveCfg = Release|x64
		{6E25D1C1-04AB-4FDA-BFBA-55ADE13CB8E1}.Release|x64.Build.0 = Release|x64
		{6E25D1C1-04AB-4FDA-BFBA-55ADE13CB8E1}.Release|x86.ActiveCfg = Release|Win32
		{6E25D1C1-04AB-4FDA-BFBA-55ADE13CB8E1}.Release|x86.Build.0 = Release|Win32
		{14FBC54B-A7E6-489D-B327-BCEBBA1F9083}.Debug|x64.ActiveCfg = Debug|x64
		{14FBC54B-A7E6-489D-B327-BCEBBA1F9083}.Debug|x64.Build.0 = Debug|x64
		{14FBC54B-A7E6-489D-B327-BCEBBA1F9083}.Debug|x86.ActiveCfg = Debug|Win32
		{14FBC54B-A7E6-489D-B327-BCEBBA1F9083}.Debug|x86.Build.0 = Debug|Win32
		{14FBC54B-A7E6-489D-B327-BCEBBA1F9083}.Release|x64.ActiveCfg = Release|x64
		{14FBC54B-A7E6-489D-B327-BCEBBA1F9083}.Release|x64.Build.0 = Release|x64
		{14FBC54B-A7E6-489D-B327-BCEBBA1F9083}.Release|x86.ActiveCfg = Release|Win32
		{14FBC54B-A7E6-489D-B327-BCEBBA1F9083}.Release|x86.Build.0 = Release|Win32
		{A6E817A2-73C4-41B5-9733-584775C42163}.Debug|x64.ActiveCfg = Debug|x64
		{A6E817A2-73C4-41B5-9733-584775C42163}.Debug|x64.Build.0 = Debug|x64
		{A6E817A2-73C4-41B5-9733-584775C42163}.Debug|x86.ActiveCfg = Debug|Win32
		{A6E817A2-73C4-41B5-9733-584775C42163}.Debug|x86.Build.0 = Debug|Win32
		{A6E817A2-73C4-41B5-9733-584775C42163}.Release|x64.ActiveCfg = Release|x64
		{A6E817A2-73C4-41B5-9733-584775C42163}.Release|x64.Build.0 = Release|x64
		{A6E817A2-73C4-41B5-9733-584775C42163}.Release|x86.ActiveCfg = Release|Win32
		{A6E817A2-73C4-41B5-9733-584775C42163}.Release|x86.Build.0 = Release|Win32
	EndGlobalSection
	GlobalSection(SolutionProperties) = preSolution
		HideSolutionNode = FALSE
	EndGlobalSection
	GlobalSection(ExtensibilityGlobals) = postSolution
		SolutionGuid = {BF818056-A2B5-43DF-BDD4-FB90AD789865}
	EndGlobalSection
EndGlobal
